// !$*UTF8*$!
{
	archiveVersion = 1;
	classes = {
	};
	objectVersion = 50;
	objects = {

/* Begin PBXBuildFile section */
		0DC8244D253D5D47009308FB /* SwiftUIIntro_1App.swift in Sources */ = {isa = PBXBuildFile; fileRef = 0DC8244C253D5D47009308FB /* SwiftUIIntro_1App.swift */; };
		0DC8244F253D5D47009308FB /* FlowersListView.swift in Sources */ = {isa = PBXBuildFile; fileRef = 0DC8244E253D5D47009308FB /* FlowersListView.swift */; };
		0DC82451253D5D4A009308FB /* Assets.xcassets in Resources */ = {isa = PBXBuildFile; fileRef = 0DC82450253D5D4A009308FB /* Assets.xcassets */; };
		0DC82454253D5D4A009308FB /* Preview Assets.xcassets in Resources */ = {isa = PBXBuildFile; fileRef = 0DC82453253D5D4A009308FB /* Preview Assets.xcassets */; };
		0DC82460253D5EEF009308FB /* Flowers.swift in Sources */ = {isa = PBXBuildFile; fileRef = 0DC8245F253D5EEF009308FB /* Flowers.swift */; };
		0DC82464253D6733009308FB /* FlowerView.swift in Sources */ = {isa = PBXBuildFile; fileRef = 0DC82463253D6733009308FB /* FlowerView.swift */; };
/* End PBXBuildFile section */

/* Begin PBXFileReference section */
		0DC82449253D5D47009308FB /* SwiftUIIntro-1.app */ = {isa = PBXFileReference; explicitFileType = wrapper.application; includeInIndex = 0; path = "SwiftUIIntro-1.app"; sourceTree = BUILT_PRODUCTS_DIR; };
		0DC8244C253D5D47009308FB /* SwiftUIIntro_1App.swift */ = {isa = PBXFileReference; lastKnownFileType = sourcecode.swift; path = SwiftUIIntro_1App.swift; sourceTree = "<group>"; };
		0DC8244E253D5D47009308FB /* FlowersListView.swift */ = {isa = PBXFileReference; lastKnownFileType = sourcecode.swift; path = FlowersListView.swift; sourceTree = "<group>"; };
		0DC82450253D5D4A009308FB /* Assets.xcassets */ = {isa = PBXFileReference; lastKnownFileType = folder.assetcatalog; path = Assets.xcassets; sourceTree = "<group>"; };
		0DC82453253D5D4A009308FB /* Preview Assets.xcassets */ = {isa = PBXFileReference; lastKnownFileType = folder.assetcatalog; path = "Preview Assets.xcassets"; sourceTree = "<group>"; };
		0DC82455253D5D4A009308FB /* Info.plist */ = {isa = PBXFileReference; lastKnownFileType = text.plist.xml; path = Info.plist; sourceTree = "<group>"; };
		0DC8245F253D5EEF009308FB /* Flowers.swift */ = {isa = PBXFileReference; lastKnownFileType = sourcecode.swift; path = Flowers.swift; sourceTree = "<group>"; };
		0DC82463253D6733009308FB /* FlowerView.swift */ = {isa = PBXFileReference; lastKnownFileType = sourcecode.swift; path = FlowerView.swift; sourceTree = "<group>"; };
/* End PBXFileReference section */

/* Begin PBXFrameworksBuildPhase section */
		0DC82446253D5D47009308FB /* Frameworks */ = {
			isa = PBXFrameworksBuildPhase;
			buildActionMask = 2147483647;
			files = (
			);
			runOnlyForDeploymentPostprocessing = 0;
		};
/* End PBXFrameworksBuildPhase section */

/* Begin PBXGroup section */
		0DC82440253D5D47009308FB = {
			isa = PBXGroup;
			children = (
				0DC8244B253D5D47009308FB /* SwiftUIIntro-1 */,
				0DC8244A253D5D47009308FB /* Products */,
			);
			sourceTree = "<group>";
		};
		0DC8244A253D5D47009308FB /* Products */ = {
			isa = PBXGroup;
			children = (
				0DC82449253D5D47009308FB /* SwiftUIIntro-1.app */,
			);
			name = Products;
			sourceTree = "<group>";
		};
		0DC8244B253D5D47009308FB /* SwiftUIIntro-1 */ = {
			isa = PBXGroup;
			children = (
				0DC82466253D6A2A009308FB /* Data */,
				0DC8244E253D5D47009308FB /* FlowersListView.swift */,
				0DC82463253D6733009308FB /* FlowerView.swift */,
				0DC82450253D5D4A009308FB /* Assets.xcassets */,
				0DC8245C253D5D5E009308FB /* Resources */,
			);
			path = "SwiftUIIntro-1";
			sourceTree = "<group>";
		};
		0DC82452253D5D4A009308FB /* Preview Content */ = {
			isa = PBXGroup;
			children = (
				0DC82453253D5D4A009308FB /* Preview Assets.xcassets */,
			);
			path = "Preview Content";
			sourceTree = "<group>";
		};
		0DC8245C253D5D5E009308FB /* Resources */ = {
			isa = PBXGroup;
			children = (
				0DC8244C253D5D47009308FB /* SwiftUIIntro_1App.swift */,
				0DC82455253D5D4A009308FB /* Info.plist */,
				0DC82452253D5D4A009308FB /* Preview Content */,
			);
			name = Resources;
			sourceTree = "<group>";
		};
		0DC82466253D6A2A009308FB /* Data */ = {
			isa = PBXGroup;
			children = (
				0DC8245F253D5EEF009308FB /* Flowers.swift */,
			);
			name = Data;
			sourceTree = "<group>";
		};
/* End PBXGroup section */

/* Begin PBXNativeTarget section */
		0DC82448253D5D47009308FB /* SwiftUIIntro-1 */ = {
			isa = PBXNativeTarget;
			buildConfigurationList = 0DC82458253D5D4A009308FB /* Build configuration list for PBXNativeTarget "SwiftUIIntro-1" */;
			buildPhases = (
				0DC82445253D5D47009308FB /* Sources */,
				0DC82446253D5D47009308FB /* Frameworks */,
				0DC82447253D5D47009308FB /* Resources */,
			);
			buildRules = (
			);
			dependencies = (
			);
			name = "SwiftUIIntro-1";
			productName = "SwiftUIIntro-1";
			productReference = 0DC82449253D5D47009308FB /* SwiftUIIntro-1.app */;
			productType = "com.apple.product-type.application";
		};
/* End PBXNativeTarget section */

/* Begin PBXProject section */
		0DC82441253D5D47009308FB /* Project object */ = {
			isa = PBXProject;
			attributes = {
				LastSwiftUpdateCheck = 1200;
				LastUpgradeCheck = 1200;
				TargetAttributes = {
					0DC82448253D5D47009308FB = {
						CreatedOnToolsVersion = 12.0.1;
					};
				};
			};
			buildConfigurationList = 0DC82444253D5D47009308FB /* Build configuration list for PBXProject "SwiftUIIntro-1" */;
			compatibilityVersion = "Xcode 9.3";
			developmentRegion = en;
			hasScannedForEncodings = 0;
			knownRegions = (
				en,
				Base,
			);
			mainGroup = 0DC82440253D5D47009308FB;
			productRefGroup = 0DC8244A253D5D47009308FB /* Products */;
			projectDirPath = "";
			projectRoot = "";
			targets = (
				0DC82448253D5D47009308FB /* SwiftUIIntro-1 */,
			);
		};
/* End PBXProject section */

/* Begin PBXResourcesBuildPhase section */
		0DC82447253D5D47009308FB /* Resources */ = {
			isa = PBXResourcesBuildPhase;
			buildActionMask = 2147483647;
			files = (
				0DC82454253D5D4A009308FB /* Preview Assets.xcassets in Resources */,
				0DC82451253D5D4A009308FB /* Assets.xcassets in Resources */,
			);
			runOnlyForDeploymentPostprocessing = 0;
		};
/* End PBXResourcesBuildPhase section */

/* Begin PBXSourcesBuildPhase section */
		0DC82445253D5D47009308FB /* Sources */ = {
			isa = PBXSourcesBuildPhase;
			buildActionMask = 2147483647;
			files = (
				0DC82460253D5EEF009308FB /* Flowers.swift in Sources */,
				0DC82464253D6733009308FB /* FlowerView.swift in Sources */,
				0DC8244F253D5D47009308FB /* FlowersListView.swift in Sources */,
				0DC8244D253D5D47009308FB /* SwiftUIIntro_1App.swift in Sources */,
			);
			runOnlyForDeploymentPostprocessing = 0;
		};
/* End PBXSourcesBuildPhase section */

/* Begin XCBuildConfiguration section */
		0DC82456253D5D4A009308FB /* Debug */ = {
			isa = XCBuildConfiguration;
			buildSettings = {
				ALWAYS_SEARCH_USER_PATHS = NO;
				CLANG_ANALYZER_NONNULL = YES;
				CLANG_ANALYZER_NUMBER_OBJECT_CONVERSION = YES_AGGRESSIVE;
				CLANG_CXX_LANGUAGE_STANDARD = "gnu++14";
				CLANG_CXX_LIBRARY = "libc++";
				CLANG_ENABLE_MODULES = YES;
				CLANG_ENABLE_OBJC_ARC = YES;
				CLANG_ENABLE_OBJC_WEAK = YES;
				CLANG_WARN_BLOCK_CAPTURE_AUTORELEASING = YES;
				CLANG_WARN_BOOL_CONVERSION = YES;
				CLANG_WARN_COMMA = YES;
				CLANG_WARN_CONSTANT_CONVERSION = YES;
				CLANG_WARN_DEPRECATED_OBJC_IMPLEMENTATIONS = YES;
				CLANG_WARN_DIRECT_OBJC_ISA_USAGE = YES_ERROR;
				CLANG_WARN_DOCUMENTATION_COMMENTS = YES;
				CLANG_WARN_EMPTY_BODY = YES;
				CLANG_WARN_ENUM_CONVERSION = YES;
				CLANG_WARN_INFINITE_RECURSION = YES;
				CLANG_WARN_INT_CONVERSION = YES;
				CLANG_WARN_NON_LITERAL_NULL_CONVERSION = YES;
				CLANG_WARN_OBJC_IMPLICIT_RETAIN_SELF = YES;
				CLANG_WARN_OBJC_LITERAL_CONVERSION = YES;
				CLANG_WARN_OBJC_ROOT_CLASS = YES_ERROR;
				CLANG_WARN_QUOTED_INCLUDE_IN_FRAMEWORK_HEADER = YES;
				CLANG_WARN_RANGE_LOOP_ANALYSIS = YES;
				CLANG_WARN_STRICT_PROTOTYPES = YES;
				CLANG_WARN_SUSPICIOUS_MOVE = YES;
				CLANG_WARN_UNGUARDED_AVAILABILITY = YES_AGGRESSIVE;
				CLANG_WARN_UNREACHABLE_CODE = YES;
				CLANG_WARN__DUPLICATE_METHOD_MATCH = YES;
				COPY_PHASE_STRIP = NO;
				DEBUG_INFORMATION_FORMAT = dwarf;
				ENABLE_STRICT_OBJC_MSGSEND = YES;
				ENABLE_TESTABILITY = YES;
				GCC_C_LANGUAGE_STANDARD = gnu11;
				GCC_DYNAMIC_NO_PIC = NO;
				GCC_NO_COMMON_BLOCKS = YES;
				GCC_OPTIMIZATION_LEVEL = 0;
				GCC_PREPROCESSOR_DEFINITIONS = (
					"DEBUG=1",
					"$(inherited)",
				);
				GCC_WARN_64_TO_32_BIT_CONVERSION = YES;
				GCC_WARN_ABOUT_RETURN_TYPE = YES_ERROR;
				GCC_WARN_UNDECLARED_SELECTOR = YES;
				GCC_WARN_UNINITIALIZED_AUTOS = YES_AGGRESSIVE;
				GCC_WARN_UNUSED_FUNCTION = YES;
				GCC_WARN_UNUSED_VARIABLE = YES;
				IPHONEOS_DEPLOYMENT_TARGET = 14.0;
				MTL_ENABLE_DEBUG_INFO = INCLUDE_SOURCE;
				MTL_FAST_MATH = YES;
				ONLY_ACTIVE_ARCH = YES;
				SDKROOT = iphoneos;
				SWIFT_ACTIVE_COMPILATION_CONDITIONS = DEBUG;
				SWIFT_OPTIMIZATION_LEVEL = "-Onone";
			};
			name = Debug;
		};
		0DC82457253D5D4A009308FB /* Release */ = {
			isa = XCBuildConfiguration;
			buildSettings = {
				ALWAYS_SEARCH_USER_PATHS = NO;
				CLANG_ANALYZER_NONNULL = YES;
				CLANG_ANALYZER_NUMBER_OBJECT_CONVERSION = YES_AGGRESSIVE;
				CLANG_CXX_LANGUAGE_STANDARD = "gnu++14";
				CLANG_CXX_LIBRARY = "libc++";
				CLANG_ENABLE_MODULES = YES;
				CLANG_ENABLE_OBJC_ARC = YES;
				CLANG_ENABLE_OBJC_WEAK = YES;
				CLANG_WARN_BLOCK_CAPTURE_AUTORELEASING = YES;
				CLANG_WARN_BOOL_CONVERSION = YES;
				CLANG_WARN_COMMA = YES;
				CLANG_WARN_CONSTANT_CONVERSION = YES;
				CLANG_WARN_DEPRECATED_OBJC_IMPLEMENTATIONS = YES;
				CLANG_WARN_DIRECT_OBJC_ISA_USAGE = YES_ERROR;
				CLANG_WARN_DOCUMENTATION_COMMENTS = YES;
				CLANG_WARN_EMPTY_BODY = YES;
				CLANG_WARN_ENUM_CONVERSION = YES;
				CLANG_WARN_INFINITE_RECURSION = YES;
				CLANG_WARN_INT_CONVERSION = YES;
				CLANG_WARN_NON_LITERAL_NULL_CONVERSION = YES;
				CLANG_WARN_OBJC_IMPLICIT_RETAIN_SELF = YES;
				CLANG_WARN_OBJC_LITERAL_CONVERSION = YES;
				CLANG_WARN_OBJC_ROOT_CLASS = YES_ERROR;
				CLANG_WARN_QUOTED_INCLUDE_IN_FRAMEWORK_HEADER = YES;
				CLANG_WARN_RANGE_LOOP_ANALYSIS = YES;
				CLANG_WARN_STRICT_PROTOTYPES = YES;
				CLANG_WARN_SUSPICIOUS_MOVE = YES;
				CLANG_WARN_UNGUARDED_AVAILABILITY = YES_AGGRESSIVE;
				CLANG_WARN_UNREACHABLE_CODE = YES;
				CLANG_WARN__DUPLICATE_METHOD_MATCH = YES;
				COPY_PHASE_STRIP = NO;
				DEBUG_INFORMATION_FORMAT = "dwarf-with-dsym";
				ENABLE_NS_ASSERTIONS = NO;
				ENABLE_STRICT_OBJC_MSGSEND = YES;
				GCC_C_LANGUAGE_STANDARD = gnu11;
				GCC_NO_COMMON_BLOCKS = YES;
				GCC_WARN_64_TO_32_BIT_CONVERSION = YES;
				GCC_WARN_ABOUT_RETURN_TYPE = YES_ERROR;
				GCC_WARN_UNDECLARED_SELECTOR = YES;
				GCC_WARN_UNINITIALIZED_AUTOS = YES_AGGRESSIVE;
				GCC_WARN_UNUSED_FUNCTION = YES;
				GCC_WARN_UNUSED_VARIABLE = YES;
				IPHONEOS_DEPLOYMENT_TARGET = 14.0;
				MTL_ENABLE_DEBUG_INFO = NO;
				MTL_FAST_MATH = YES;
				SDKROOT = iphoneos;
				SWIFT_COMPILATION_MODE = wholemodule;
				SWIFT_OPTIMIZATION_LEVEL = "-O";
				VALIDATE_PRODUCT = YES;
			};
			name = Release;
		};
		0DC82459253D5D4A009308FB /* Debug */ = {
			isa = XCBuildConfiguration;
			buildSettings = {
				ASSETCATALOG_COMPILER_APPICON_NAME = AppIcon;
				ASSETCATALOG_COMPILER_GLOBAL_ACCENT_COLOR_NAME = AccentColor;
				CODE_SIGN_STYLE = Automatic;
				DEVELOPMENT_ASSET_PATHS = "\"SwiftUIIntro-1/Preview Content\"";
				DEVELOPMENT_TEAM = YBC6QZE5G7;
				ENABLE_PREVIEWS = YES;
				INFOPLIST_FILE = "SwiftUIIntro-1/Info.plist";
				IPHONEOS_DEPLOYMENT_TARGET = 14.0;
				LD_RUNPATH_SEARCH_PATHS = (
					"$(inherited)",
					"@executable_path/Frameworks",
				);
				PRODUCT_BUNDLE_IDENTIFIER = "codesorbit.com.SwiftUIIntro-1";
				PRODUCT_NAME = "$(TARGET_NAME)";
				SWIFT_VERSION = 5.0;
				TARGETED_DEVICE_FAMILY = "1,2";
			};
			name = Debug;
		};
		0DC8245A253D5D4A009308FB /* Release */ = {
			isa = XCBuildConfiguration;
			buildSettings = {
				ASSETCATALOG_COMPILER_APPICON_NAME = AppIcon;
				ASSETCATALOG_COMPILER_GLOBAL_ACCENT_COLOR_NAME = AccentColor;
				CODE_SIGN_STYLE = Automatic;
				DEVELOPMENT_ASSET_PATHS = "\"SwiftUIIntro-1/Preview Content\"";
				DEVELOPMENT_TEAM = YBC6QZE5G7;
				ENABLE_PREVIEWS = YES;
				INFOPLIST_FILE = "SwiftUIIntro-1/Info.plist";
				IPHONEOS_DEPLOYMENT_TARGET = 14.0;
				LD_RUNPATH_SEARCH_PATHS = (
					"$(inherited)",
					"@executable_path/Frameworks",
				);
				PRODUCT_BUNDLE_IDENTIFIER = "codesorbit.com.SwiftUIIntro-1";
				PRODUCT_NAME = "$(TARGET_NAME)";
				SWIFT_VERSION = 5.0;
				TARGETED_DEVICE_FAMILY = "1,2";
			};
			name = Release;
		};
/* End XCBuildConfiguration section */

/* Begin XCConfigurationList section */
		0DC82444253D5D47009308FB /* Build configuration list for PBXProject "SwiftUIIntro-1" */ = {
			isa = XCConfigurationList;
			buildConfigurations = (
				0DC82456253D5D4A009308FB /* Debug */,
				0DC82457253D5D4A009308FB /* Release */,
			);
			defaultConfigurationIsVisible = 0;
			defaultConfigurationName = Release;
		};
		0DC82458253D5D4A009308FB /* Build configuration list for PBXNativeTarget "SwiftUIIntro-1" */ = {
			isa = XCConfigurationList;
			buildConfigurations = (
				0DC82459253D5D4A009308FB /* Debug */,
				0DC8245A253D5D4A009308FB /* Release */,
			);
			defaultConfigurationIsVisible = 0;
			defaultConfigurationName = Release;
		};
/* End XCConfigurationList section */
	};
	rootObject = 0DC82441253D5D47009308FB /* Project object */;
}
